
Microsoft Visual Studio Solution File, Format Version 12.00
Project("{FAE04EC0-301F-11D3-BF4B-00C04F79EFBC}") = "EventSourcing.Core", "EventSourcing.Core\EventSourcing.Core.csproj", "{6899E49A-D1F8-49B3-A41F-A94EBAA2D048}"
EndProject
Project("{2150E333-8FDC-42A3-9474-1A3956D46DE8}") = "Test", "Test", "{BC0EA01B-3A55-4916-B621-FA205705B225}"
EndProject
Project("{FAE04EC0-301F-11D3-BF4B-00C04F79EFBC}") = "OrderManagementTest", "OrderManagementTest\OrderManagementTest.csproj", "{B207A312-70AB-4B1D-ADCA-5F3F79732585}"
EndProject
Project("{2150E333-8FDC-42A3-9474-1A3956D46DE8}") = "Api", "Api", "{F61B6411-844C-48D3-99E9-A5F3E8DED323}"
EndProject
Project("{FAE04EC0-301F-11D3-BF4B-00C04F79EFBC}") = "OrderManagement.Api", "OrderManagement.Api\OrderManagement.Api.csproj", "{80252601-ABD0-4B0E-B138-52306B9E5DE6}"
EndProject
Project("{2150E333-8FDC-42A3-9474-1A3956D46DE8}") = "Core", "Core", "{732269BC-7308-40AE-A75F-78E28DE5E516}"
EndProject
Project("{FAE04EC0-301F-11D3-BF4B-00C04F79EFBC}") = "DataStorage", "DataStorage\DataStorage.csproj", "{36277623-6112-4E6F-824C-C36EA5D8CB2E}"
EndProject
Project("{FAE04EC0-301F-11D3-BF4B-00C04F79EFBC}") = "Shared", "Shared\Shared.csproj", "{8DE7990A-4FDD-4AEF-B7FE-2BBB1C8A006E}"
EndProject
Global
	GlobalSection(SolutionConfigurationPlatforms) = preSolution
		Debug|Any CPU = Debug|Any CPU
		Release|Any CPU = Release|Any CPU
	EndGlobalSection
	GlobalSection(ProjectConfigurationPlatforms) = postSolution
		{6899E49A-D1F8-49B3-A41F-A94EBAA2D048}.Debug|Any CPU.ActiveCfg = Debug|Any CPU
		{6899E49A-D1F8-49B3-A41F-A94EBAA2D048}.Debug|Any CPU.Build.0 = Debug|Any CPU
		{6899E49A-D1F8-49B3-A41F-A94EBAA2D048}.Release|Any CPU.ActiveCfg = Release|Any CPU
		{6899E49A-D1F8-49B3-A41F-A94EBAA2D048}.Release|Any CPU.Build.0 = Release|Any CPU
		{B207A312-70AB-4B1D-ADCA-5F3F79732585}.Debug|Any CPU.ActiveCfg = Debug|Any CPU
		{B207A312-70AB-4B1D-ADCA-5F3F79732585}.Debug|Any CPU.Build.0 = Debug|Any CPU
		{B207A312-70AB-4B1D-ADCA-5F3F79732585}.Release|Any CPU.ActiveCfg = Release|Any CPU
		{B207A312-70AB-4B1D-ADCA-5F3F79732585}.Release|Any CPU.Build.0 = Release|Any CPU
		{80252601-ABD0-4B0E-B138-52306B9E5DE6}.Debug|Any CPU.ActiveCfg = Debug|Any CPU
		{80252601-ABD0-4B0E-B138-52306B9E5DE6}.Debug|Any CPU.Build.0 = Debug|Any CPU
		{80252601-ABD0-4B0E-B138-52306B9E5DE6}.Release|Any CPU.ActiveCfg = Release|Any CPU
		{80252601-ABD0-4B0E-B138-52306B9E5DE6}.Release|Any CPU.Build.0 = Release|Any CPU
		{36277623-6112-4E6F-824C-C36EA5D8CB2E}.Debug|Any CPU.ActiveCfg = Debug|Any CPU
		{36277623-6112-4E6F-824C-C36EA5D8CB2E}.Debug|Any CPU.Build.0 = Debug|Any CPU
		{36277623-6112-4E6F-824C-C36EA5D8CB2E}.Release|Any CPU.ActiveCfg = Release|Any CPU
		{36277623-6112-4E6F-824C-C36EA5D8CB2E}.Release|Any CPU.Build.0 = Release|Any CPU
		{8DE7990A-4FDD-4AEF-B7FE-2BBB1C8A006E}.Debug|Any CPU.ActiveCfg = Debug|Any CPU
		{8DE7990A-4FDD-4AEF-B7FE-2BBB1C8A006E}.Debug|Any CPU.Build.0 = Debug|Any CPU
		{8DE7990A-4FDD-4AEF-B7FE-2BBB1C8A006E}.Release|Any CPU.ActiveCfg = Release|Any CPU
		{8DE7990A-4FDD-4AEF-B7FE-2BBB1C8A006E}.Release|Any CPU.Build.0 = Release|Any CPU
	EndGlobalSection
	GlobalSection(NestedProjects) = preSolution
		{B207A312-70AB-4B1D-ADCA-5F3F79732585} = {BC0EA01B-3A55-4916-B621-FA205705B225}
		{80252601-ABD0-4B0E-B138-52306B9E5DE6} = {F61B6411-844C-48D3-99E9-A5F3E8DED323}
		{6899E49A-D1F8-49B3-A41F-A94EBAA2D048} = {732269BC-7308-40AE-A75F-78E28DE5E516}
		{36277623-6112-4E6F-824C-C36EA5D8CB2E} = {732269BC-7308-40AE-A75F-78E28DE5E516}
		{8DE7990A-4FDD-4AEF-B7FE-2BBB1C8A006E} = {732269BC-7308-40AE-A75F-78E28DE5E516}
	EndGlobalSection
EndGlobal
